
Microsoft Visual Studio Solution File, Format Version 12.00
# Visual Studio Version 16
VisualStudioVersion = 16.0.28922.388
MinimumVisualStudioVersion = 10.0.40219.1
Project("{FAE04EC0-301F-11D3-BF4B-00C04F79EFBC}") = "POSCA", "POSCA\POSCA.csproj", "{B8222034-73DF-4791-8FF4-A5360EBECA78}"
EndProject
Project("{FAE04EC0-301F-11D3-BF4B-00C04F79EFBC}") = "netoaster", "netoaster\netoaster.csproj", "{211D37EF-74F8-4E4F-9ED0-DA4566F423F5}"
EndProject
Global
	GlobalSection(SolutionConfigurationPlatforms) = preSolution
		content|Any CPU = content|Any CPU
		Debug|Any CPU = Debug|Any CPU
		Release|Any CPU = Release|Any CPU
	EndGlobalSection
	GlobalSection(ProjectConfigurationPlatforms) = postSolution
		{B8222034-73DF-4791-8FF4-A5360EBECA78}.content|Any CPU.ActiveCfg = Release|Any CPU
		{B8222034-73DF-4791-8FF4-A5360EBECA78}.content|Any CPU.Build.0 = Release|Any CPU
		{B8222034-73DF-4791-8FF4-A5360EBECA78}.Debug|Any CPU.ActiveCfg = Debug|Any CPU
		{B8222034-73DF-4791-8FF4-A5360EBECA78}.Debug|Any CPU.Build.0 = Debug|Any CPU
		{B8222034-73DF-4791-8FF4-A5360EBECA78}.Release|Any CPU.ActiveCfg = Release|Any CPU
		{B8222034-73DF-4791-8FF4-A5360EBECA78}.Release|Any CPU.Build.0 = Release|Any CPU
		{211D37EF-74F8-4E4F-9ED0-DA4566F423F5}.content|Any CPU.ActiveCfg = content|Any CPU
		{211D37EF-74F8-4E4F-9ED0-DA4566F423F5}.content|Any CPU.Build.0 = content|Any CPU
		{211D37EF-74F8-4E4F-9ED0-DA4566F423F5}.Debug|Any CPU.ActiveCfg = Debug|Any CPU
		{211D37EF-74F8-4E4F-9ED0-DA4566F423F5}.Debug|Any CPU.Build.0 = Debug|Any CPU
		{211D37EF-74F8-4E4F-9ED0-DA4566F423F5}.Release|Any CPU.ActiveCfg = Release|Any CPU
		{211D37EF-74F8-4E4F-9ED0-DA4566F423F5}.Release|Any CPU.Build.0 = Release|Any CPU
	EndGlobalSection
	GlobalSection(SolutionProperties) = preSolution
		HideSolutionNode = FALSE
	EndGlobalSection
	GlobalSection(ExtensibilityGlobals) = postSolution
		SolutionGuid = {F67B7653-8A73-4423-9E9E-3F2436C15467}
	EndGlobalSection
EndGlobal
